
Microsoft Visual Studio Solution File, Format Version 11.00
# Visual Studio 2010
Project("{2150E333-8FDC-42A3-9474-1A3956D46DE8}") = "SolutionFiles", "SolutionFiles", "{9C372932-F46D-4930-8DCE-BC4D4B348D95}"
	ProjectSection(SolutionItems) = preProject
		Build.bat = Build.bat
		CustomDictionary.xml = CustomDictionary.xml
		EditStyleCopRules.bat = EditStyleCopRules.bat
		Flubu.FxCop = Flubu.FxCop
		Flubu.ProjectVersion.txt = Flubu.ProjectVersion.txt
		Settings.StyleCop = Settings.StyleCop
		todo.txt = todo.txt
	EndProjectSection
EndProject
Project("{FAE04EC0-301F-11D3-BF4B-00C04F79EFBC}") = "Flubu", "Flubu\Flubu.csproj", "{5E8B73D7-B9DC-4DCF-93B6-4BFB5E845575}"
EndProject
Project("{FAE04EC0-301F-11D3-BF4B-00C04F79EFBC}") = "Flubu.Contrib", "Flubu.Contrib\Flubu.Contrib.csproj", "{8D82233C-682A-4FA7-8581-DD31F0FB564D}"
EndProject
Project("{FAE04EC0-301F-11D3-BF4B-00C04F79EFBC}") = "Flubu.Tests", "Flubu.Tests\Flubu.Tests.csproj", "{82A53EB2-5C0A-4825-B8BD-8CF6E2367D28}"
EndProject
Project("{FAE04EC0-301F-11D3-BF4B-00C04F79EFBC}") = "BuildScripts", "BuildScripts\BuildScripts.csproj", "{37E1DED5-072D-456C-9FC2-465A7784C56F}"
EndProject
Global
	GlobalSection(SolutionConfigurationPlatforms) = preSolution
		Debug|Any CPU = Debug|Any CPU
		Release|Any CPU = Release|Any CPU
	EndGlobalSection
	GlobalSection(ProjectConfigurationPlatforms) = postSolution
		{5E8B73D7-B9DC-4DCF-93B6-4BFB5E845575}.Debug|Any CPU.ActiveCfg = Debug|Any CPU
		{5E8B73D7-B9DC-4DCF-93B6-4BFB5E845575}.Debug|Any CPU.Build.0 = Debug|Any CPU
		{5E8B73D7-B9DC-4DCF-93B6-4BFB5E845575}.Release|Any CPU.ActiveCfg = Release|Any CPU
		{5E8B73D7-B9DC-4DCF-93B6-4BFB5E845575}.Release|Any CPU.Build.0 = Release|Any CPU
		{8D82233C-682A-4FA7-8581-DD31F0FB564D}.Debug|Any CPU.ActiveCfg = Debug|Any CPU
		{8D82233C-682A-4FA7-8581-DD31F0FB564D}.Debug|Any CPU.Build.0 = Debug|Any CPU
		{8D82233C-682A-4FA7-8581-DD31F0FB564D}.Release|Any CPU.ActiveCfg = Release|Any CPU
		{8D82233C-682A-4FA7-8581-DD31F0FB564D}.Release|Any CPU.Build.0 = Release|Any CPU
		{82A53EB2-5C0A-4825-B8BD-8CF6E2367D28}.Debug|Any CPU.ActiveCfg = Debug|Any CPU
		{82A53EB2-5C0A-4825-B8BD-8CF6E2367D28}.Debug|Any CPU.Build.0 = Debug|Any CPU
		{82A53EB2-5C0A-4825-B8BD-8CF6E2367D28}.Release|Any CPU.ActiveCfg = Release|Any CPU
		{82A53EB2-5C0A-4825-B8BD-8CF6E2367D28}.Release|Any CPU.Build.0 = Release|Any CPU
		{37E1DED5-072D-456C-9FC2-465A7784C56F}.Debug|Any CPU.ActiveCfg = Debug|Any CPU
		{37E1DED5-072D-456C-9FC2-465A7784C56F}.Debug|Any CPU.Build.0 = Debug|Any CPU
		{37E1DED5-072D-456C-9FC2-465A7784C56F}.Release|Any CPU.ActiveCfg = Release|Any CPU
		{37E1DED5-072D-456C-9FC2-465A7784C56F}.Release|Any CPU.Build.0 = Release|Any CPU
	EndGlobalSection
	GlobalSection(SolutionProperties) = preSolution
		HideSolutionNode = FALSE
	EndGlobalSection
EndGlobal
